
Microsoft Visual Studio Solution File, Format Version 12.00
# Visual Studio 15
VisualStudioVersion = 15.0.28010.2048
MinimumVisualStudioVersion = 10.0.40219.1
Project("{FAE04EC0-301F-11D3-BF4B-00C04F79EFBC}") = "AuthoritySignClient", "AuthoritySignClient\AuthoritySignClient.csproj", "{EB587596-D80F-4487-843D-AF0F75C0D211}"
EndProject
Project("{FAE04EC0-301F-11D3-BF4B-00C04F79EFBC}") = "AuthoritySignClientTest", "AuthoritySignClientTest\AuthoritySignClientTest.csproj", "{CFFD582A-9CD7-4E66-A8E2-2BE0F8AED022}"
EndProject
Project("{FAE04EC0-301F-11D3-BF4B-00C04F79EFBC}") = "Cryptography", "Cryptography\Cryptography.csproj", "{A588206C-C730-4867-990E-6396C75B758F}"
EndProject
Global
	GlobalSection(SolutionConfigurationPlatforms) = preSolution
		Debug|Any CPU = Debug|Any CPU
		Release|Any CPU = Release|Any CPU
	EndGlobalSection
	GlobalSection(ProjectConfigurationPlatforms) = postSolution
		{EB587596-D80F-4487-843D-AF0F75C0D211}.Debug|Any CPU.ActiveCfg = Debug|Any CPU
		{EB587596-D80F-4487-843D-AF0F75C0D211}.Debug|Any CPU.Build.0 = Debug|Any CPU
		{EB587596-D80F-4487-843D-AF0F75C0D211}.Release|Any CPU.ActiveCfg = Release|Any CPU
		{EB587596-D80F-4487-843D-AF0F75C0D211}.Release|Any CPU.Build.0 = Release|Any CPU
		{CFFD582A-9CD7-4E66-A8E2-2BE0F8AED022}.Debug|Any CPU.ActiveCfg = Debug|Any CPU
		{CFFD582A-9CD7-4E66-A8E2-2BE0F8AED022}.Debug|Any CPU.Build.0 = Debug|Any CPU
		{CFFD582A-9CD7-4E66-A8E2-2BE0F8AED022}.Release|Any CPU.ActiveCfg = Release|Any CPU
		{CFFD582A-9CD7-4E66-A8E2-2BE0F8AED022}.Release|Any CPU.Build.0 = Release|Any CPU
		{A588206C-C730-4867-990E-6396C75B758F}.Debug|Any CPU.ActiveCfg = Debug|Any CPU
		{A588206C-C730-4867-990E-6396C75B758F}.Debug|Any CPU.Build.0 = Debug|Any CPU
		{A588206C-C730-4867-990E-6396C75B758F}.Release|Any CPU.ActiveCfg = Release|Any CPU
		{A588206C-C730-4867-990E-6396C75B758F}.Release|Any CPU.Build.0 = Release|Any CPU
	EndGlobalSection
	GlobalSection(SolutionProperties) = preSolution
		HideSolutionNode = FALSE
	EndGlobalSection
	GlobalSection(ExtensibilityGlobals) = postSolution
		SolutionGuid = {D0796C9C-512B-490E-B7D4-AE7F977FC280}
	EndGlobalSection
EndGlobal
